
Microsoft Visual Studio Solution File, Format Version 12.00
# Visual Studio Version 16
VisualStudioVersion = 16.0.30428.66
MinimumVisualStudioVersion = 10.0.40219.1
Project("{FAE04EC0-301F-11D3-BF4B-00C04F79EFBC}") = "GGS.Web", "GGS.Web\GGS.Web.csproj", "{252A9EEC-49DF-4B8E-BF48-766E080A08ED}"
EndProject
Project("{FAE04EC0-301F-11D3-BF4B-00C04F79EFBC}") = "GGS.Domain", "GGS.Domain\GGS.Domain.csproj", "{9C1A8D80-3F13-4A95-9230-33811D5A124C}"
EndProject
Project("{FAE04EC0-301F-11D3-BF4B-00C04F79EFBC}") = "GGS.Data", "GGS.Data\GGS.Data.csproj", "{B7F92DE0-E6B9-4889-AA47-CCCC426C3DA6}"
EndProject
Global
	GlobalSection(SolutionConfigurationPlatforms) = preSolution
		Debug|Any CPU = Debug|Any CPU
		Release|Any CPU = Release|Any CPU
	EndGlobalSection
	GlobalSection(ProjectConfigurationPlatforms) = postSolution
		{252A9EEC-49DF-4B8E-BF48-766E080A08ED}.Debug|Any CPU.ActiveCfg = Debug|Any CPU
		{252A9EEC-49DF-4B8E-BF48-766E080A08ED}.Debug|Any CPU.Build.0 = Debug|Any CPU
		{252A9EEC-49DF-4B8E-BF48-766E080A08ED}.Release|Any CPU.ActiveCfg = Release|Any CPU
		{252A9EEC-49DF-4B8E-BF48-766E080A08ED}.Release|Any CPU.Build.0 = Release|Any CPU
		{9C1A8D80-3F13-4A95-9230-33811D5A124C}.Debug|Any CPU.ActiveCfg = Debug|Any CPU
		{9C1A8D80-3F13-4A95-9230-33811D5A124C}.Debug|Any CPU.Build.0 = Debug|Any CPU
		{9C1A8D80-3F13-4A95-9230-33811D5A124C}.Release|Any CPU.ActiveCfg = Release|Any CPU
		{9C1A8D80-3F13-4A95-9230-33811D5A124C}.Release|Any CPU.Build.0 = Release|Any CPU
		{B7F92DE0-E6B9-4889-AA47-CCCC426C3DA6}.Debug|Any CPU.ActiveCfg = Debug|Any CPU
		{B7F92DE0-E6B9-4889-AA47-CCCC426C3DA6}.Debug|Any CPU.Build.0 = Debug|Any CPU
		{B7F92DE0-E6B9-4889-AA47-CCCC426C3DA6}.Release|Any CPU.ActiveCfg = Release|Any CPU
		{B7F92DE0-E6B9-4889-AA47-CCCC426C3DA6}.Release|Any CPU.Build.0 = Release|Any CPU
	EndGlobalSection
	GlobalSection(SolutionProperties) = preSolution
		HideSolutionNode = FALSE
	EndGlobalSection
	GlobalSection(ExtensibilityGlobals) = postSolution
		SolutionGuid = {B8A01017-CED8-4074-B7A3-5A15B9AE342A}
	EndGlobalSection
EndGlobal
