
Microsoft Visual Studio Solution File, Format Version 12.00
# Visual Studio Version 16
VisualStudioVersion = 16.0.31005.135
MinimumVisualStudioVersion = 10.0.40219.1
Project("{FAE04EC0-301F-11D3-BF4B-00C04F79EFBC}") = "GGS.Web", "GGS\GGS.Web.csproj", "{F7851BC2-0220-4D73-95B2-ED7E565C6D6A}"
EndProject
Project("{FAE04EC0-301F-11D3-BF4B-00C04F79EFBC}") = "GGS.Domain", "GGS.Domain\GGS.Domain.csproj", "{D5F96DB9-10BF-46FD-90EE-572F9E677B4C}"
EndProject
Project("{FAE04EC0-301F-11D3-BF4B-00C04F79EFBC}") = "GGS.Data", "GGS.Data\GGS.Data.csproj", "{5091A201-58BA-4B46-811A-F6007B123A38}"
EndProject
Global
	GlobalSection(SolutionConfigurationPlatforms) = preSolution
		Debug|Any CPU = Debug|Any CPU
		Release|Any CPU = Release|Any CPU
	EndGlobalSection
	GlobalSection(ProjectConfigurationPlatforms) = postSolution
		{F7851BC2-0220-4D73-95B2-ED7E565C6D6A}.Debug|Any CPU.ActiveCfg = Debug|Any CPU
		{F7851BC2-0220-4D73-95B2-ED7E565C6D6A}.Debug|Any CPU.Build.0 = Debug|Any CPU
		{F7851BC2-0220-4D73-95B2-ED7E565C6D6A}.Release|Any CPU.ActiveCfg = Release|Any CPU
		{F7851BC2-0220-4D73-95B2-ED7E565C6D6A}.Release|Any CPU.Build.0 = Release|Any CPU
		{D5F96DB9-10BF-46FD-90EE-572F9E677B4C}.Debug|Any CPU.ActiveCfg = Debug|Any CPU
		{D5F96DB9-10BF-46FD-90EE-572F9E677B4C}.Debug|Any CPU.Build.0 = Debug|Any CPU
		{D5F96DB9-10BF-46FD-90EE-572F9E677B4C}.Release|Any CPU.ActiveCfg = Release|Any CPU
		{D5F96DB9-10BF-46FD-90EE-572F9E677B4C}.Release|Any CPU.Build.0 = Release|Any CPU
		{5091A201-58BA-4B46-811A-F6007B123A38}.Debug|Any CPU.ActiveCfg = Debug|Any CPU
		{5091A201-58BA-4B46-811A-F6007B123A38}.Debug|Any CPU.Build.0 = Debug|Any CPU
		{5091A201-58BA-4B46-811A-F6007B123A38}.Release|Any CPU.ActiveCfg = Release|Any CPU
		{5091A201-58BA-4B46-811A-F6007B123A38}.Release|Any CPU.Build.0 = Release|Any CPU
	EndGlobalSection
	GlobalSection(SolutionProperties) = preSolution
		HideSolutionNode = FALSE
	EndGlobalSection
	GlobalSection(ExtensibilityGlobals) = postSolution
		SolutionGuid = {AA1C6DD0-DD5C-434C-A88D-EB5447D735AE}
	EndGlobalSection
EndGlobal
